// !$*UTF8*$!
{
	archiveVersion = 1;
	classes = {
	};
	objectVersion = 51;
	objects = {

/* Begin PBXBuildFile section */
		031281B9268600C6002380EB /* AppDelegate.swift in Sources */ = {isa = PBXBuildFile; fileRef = 031281B8268600C6002380EB /* AppDelegate.swift */; };
		031281BB268600C6002380EB /* SceneDelegate.swift in Sources */ = {isa = PBXBuildFile; fileRef = 031281BA268600C6002380EB /* SceneDelegate.swift */; };
		031281BD268600C6002380EB /* MainView.swift in Sources */ = {isa = PBXBuildFile; fileRef = 031281BC268600C6002380EB /* MainView.swift */; };
		031281C0268600C6002380EB /* Main.storyboard in Resources */ = {isa = PBXBuildFile; fileRef = 031281BE268600C6002380EB /* Main.storyboard */; };
		031281C2268600C8002380EB /* Assets.xcassets in Resources */ = {isa = PBXBuildFile; fileRef = 031281C1268600C8002380EB /* Assets.xcassets */; };
		031281C5268600C8002380EB /* LaunchScreen.storyboard in Resources */ = {isa = PBXBuildFile; fileRef = 031281C3268600C8002380EB /* LaunchScreen.storyboard */; };
		031281D0268600C8002380EB /* NutritionAnalysisTests.swift in Sources */ = {isa = PBXBuildFile; fileRef = 031281CF268600C8002380EB /* NutritionAnalysisTests.swift */; };
		033E9E802687C9D100936C4F /* TotalHeader.swift in Sources */ = {isa = PBXBuildFile; fileRef = 033E9E7F2687C9D100936C4F /* TotalHeader.swift */; };
		033E9E862687CA0800936C4F /* TotalCell.swift in Sources */ = {isa = PBXBuildFile; fileRef = 033E9E842687CA0800936C4F /* TotalCell.swift */; };
		033E9E872687CA0800936C4F /* TotalCell.xib in Resources */ = {isa = PBXBuildFile; fileRef = 033E9E852687CA0800936C4F /* TotalCell.xib */; };
		03AEACB52686951500AC690C /* IgnrDetaielsVc.swift in Sources */ = {isa = PBXBuildFile; fileRef = 03AEACB32686951500AC690C /* IgnrDetaielsVc.swift */; };
		03AEACB62686951500AC690C /* IgnrDetaiels.xib in Resources */ = {isa = PBXBuildFile; fileRef = 03AEACB42686951500AC690C /* IgnrDetaiels.xib */; };
		03AEACBD2686A63300AC690C /* IgnrCell.swift in Sources */ = {isa = PBXBuildFile; fileRef = 03AEACBB2686A63300AC690C /* IgnrCell.swift */; };
		03AEACBE2686A63300AC690C /* IgnrCell.xib in Resources */ = {isa = PBXBuildFile; fileRef = 03AEACBC2686A63300AC690C /* IgnrCell.xib */; };
		03AEACC62686A75100AC690C /* IgnrHeader.swift in Sources */ = {isa = PBXBuildFile; fileRef = 03AEACC52686A75100AC690C /* IgnrHeader.swift */; };
		03AEACCB2686A76200AC690C /* IgnrHeader.xib in Resources */ = {isa = PBXBuildFile; fileRef = 03AEACCA2686A76200AC690C /* IgnrHeader.xib */; };
		03C37FD12686238800B868E4 /* EditView.swift in Sources */ = {isa = PBXBuildFile; fileRef = 03C37FD02686238800B868E4 /* EditView.swift */; };
		03C38026268637FD00B868E4 /* MainModel.swift in Sources */ = {isa = PBXBuildFile; fileRef = 03C38000268637FD00B868E4 /* MainModel.swift */; };
		03C3804326863A4F00B868E4 /* ApiService.swift in Sources */ = {isa = PBXBuildFile; fileRef = 03C3804226863A4F00B868E4 /* ApiService.swift */; };
		03C3806026864ED100B868E4 /* MainViewModel.swift in Sources */ = {isa = PBXBuildFile; fileRef = 03C3805F26864ED100B868E4 /* MainViewModel.swift */; };
		03C380682686694800B868E4 /* OneIngrModel.swift in Sources */ = {isa = PBXBuildFile; fileRef = 03C380672686694800B868E4 /* OneIngrModel.swift */; };
		03E6208A26876FB800DE0E34 /* TotalVC.swift in Sources */ = {isa = PBXBuildFile; fileRef = 03E6208826876FB800DE0E34 /* TotalVC.swift */; };
		03E6208B26876FB800DE0E34 /* TotalVC.xib in Resources */ = {isa = PBXBuildFile; fileRef = 03E6208926876FB800DE0E34 /* TotalVC.xib */; };
		03E6209026876FC900DE0E34 /* totalModel.swift in Sources */ = {isa = PBXBuildFile; fileRef = 03E6208F26876FC900DE0E34 /* totalModel.swift */; };
		03E6209626879EB900DE0E34 /* TotalHeader.xib in Resources */ = {isa = PBXBuildFile; fileRef = 03E6209526879EB900DE0E34 /* TotalHeader.xib */; };
		040A04F0D7241D31C7C635DE /* Pods_NutritionAnalysis.framework in Frameworks */ = {isa = PBXBuildFile; fileRef = 7C1EE5BCADE9292D014EE639 /* Pods_NutritionAnalysis.framework */; };
		ED61B7195800B1B4E4A46E59 /* Pods_NutritionAnalysisTests.framework in Frameworks */ = {isa = PBXBuildFile; fileRef = 99780BA38A54D96D3ED812A0 /* Pods_NutritionAnalysisTests.framework */; };
/* End PBXBuildFile section */

/* Begin PBXContainerItemProxy section */
		031281CC268600C8002380EB /* PBXContainerItemProxy */ = {
			isa = PBXContainerItemProxy;
			containerPortal = 031281AD268600C6002380EB /* Project object */;
			proxyType = 1;
			remoteGlobalIDString = 031281B4268600C6002380EB;
			remoteInfo = NutritionAnalysis;
		};
/* End PBXContainerItemProxy section */

/* Begin PBXFileReference section */
		031281B5268600C6002380EB /* NutritionAnalysis.app */ = {isa = PBXFileReference; explicitFileType = wrapper.application; includeInIndex = 0; path = NutritionAnalysis.app; sourceTree = BUILT_PRODUCTS_DIR; };
		031281B8268600C6002380EB /* AppDelegate.swift */ = {isa = PBXFileReference; lastKnownFileType = sourcecode.swift; path = AppDelegate.swift; sourceTree = "<group>"; };
		031281BA268600C6002380EB /* SceneDelegate.swift */ = {isa = PBXFileReference; lastKnownFileType = sourcecode.swift; path = SceneDelegate.swift; sourceTree = "<group>"; };
		031281BC268600C6002380EB /* MainView.swift */ = {isa = PBXFileReference; lastKnownFileType = sourcecode.swift; path = MainView.swift; sourceTree = "<group>"; };
		031281BF268600C6002380EB /* Base */ = {isa = PBXFileReference; lastKnownFileType = file.storyboard; name = Base; path = Base.lproj/Main.storyboard; sourceTree = "<group>"; };
		031281C1268600C8002380EB /* Assets.xcassets */ = {isa = PBXFileReference; lastKnownFileType = folder.assetcatalog; path = Assets.xcassets; sourceTree = "<group>"; };
		031281C4268600C8002380EB /* Base */ = {isa = PBXFileReference; lastKnownFileType = file.storyboard; name = Base; path = Base.lproj/LaunchScreen.storyboard; sourceTree = "<group>"; };
		031281C6268600C8002380EB /* Info.plist */ = {isa = PBXFileReference; lastKnownFileType = text.plist.xml; path = Info.plist; sourceTree = "<group>"; };
		031281CB268600C8002380EB /* NutritionAnalysisTests.xctest */ = {isa = PBXFileReference; explicitFileType = wrapper.cfbundle; includeInIndex = 0; path = NutritionAnalysisTests.xctest; sourceTree = BUILT_PRODUCTS_DIR; };
		031281CF268600C8002380EB /* NutritionAnalysisTests.swift */ = {isa = PBXFileReference; lastKnownFileType = sourcecode.swift; path = NutritionAnalysisTests.swift; sourceTree = "<group>"; };
		031281D1268600C8002380EB /* Info.plist */ = {isa = PBXFileReference; lastKnownFileType = text.plist.xml; path = Info.plist; sourceTree = "<group>"; };
		033E9E7F2687C9D100936C4F /* TotalHeader.swift */ = {isa = PBXFileReference; lastKnownFileType = sourcecode.swift; path = TotalHeader.swift; sourceTree = "<group>"; };
		033E9E842687CA0800936C4F /* TotalCell.swift */ = {isa = PBXFileReference; lastKnownFileType = sourcecode.swift; path = TotalCell.swift; sourceTree = "<group>"; };
		033E9E852687CA0800936C4F /* TotalCell.xib */ = {isa = PBXFileReference; lastKnownFileType = file.xib; path = TotalCell.xib; sourceTree = "<group>"; };
		03AEACB32686951500AC690C /* IgnrDetaielsVc.swift */ = {isa = PBXFileReference; lastKnownFileType = sourcecode.swift; path = IgnrDetaielsVc.swift; sourceTree = "<group>"; };
		03AEACB42686951500AC690C /* IgnrDetaiels.xib */ = {isa = PBXFileReference; lastKnownFileType = file.xib; path = IgnrDetaiels.xib; sourceTree = "<group>"; };
		03AEACBB2686A63300AC690C /* IgnrCell.swift */ = {isa = PBXFileReference; lastKnownFileType = sourcecode.swift; path = IgnrCell.swift; sourceTree = "<group>"; };
		03AEACBC2686A63300AC690C /* IgnrCell.xib */ = {isa = PBXFileReference; lastKnownFileType = file.xib; path = IgnrCell.xib; sourceTree = "<group>"; };
		03AEACC52686A75100AC690C /* IgnrHeader.swift */ = {isa = PBXFileReference; lastKnownFileType = sourcecode.swift; path = IgnrHeader.swift; sourceTree = "<group>"; };
		03AEACCA2686A76200AC690C /* IgnrHeader.xib */ = {isa = PBXFileReference; lastKnownFileType = file.xib; path = IgnrHeader.xib; sourceTree = "<group>"; };
		03C37FD02686238800B868E4 /* EditView.swift */ = {isa = PBXFileReference; fileEncoding = 4; lastKnownFileType = sourcecode.swift; path = EditView.swift; sourceTree = "<group>"; };
		03C38000268637FD00B868E4 /* MainModel.swift */ = {isa = PBXFileReference; fileEncoding = 4; lastKnownFileType = sourcecode.swift; path = MainModel.swift; sourceTree = "<group>"; };
		03C3804226863A4F00B868E4 /* ApiService.swift */ = {isa = PBXFileReference; lastKnownFileType = sourcecode.swift; path = ApiService.swift; sourceTree = "<group>"; };
		03C3805F26864ED100B868E4 /* MainViewModel.swift */ = {isa = PBXFileReference; lastKnownFileType = sourcecode.swift; path = MainViewModel.swift; sourceTree = "<group>"; };
		03C380672686694800B868E4 /* OneIngrModel.swift */ = {isa = PBXFileReference; lastKnownFileType = sourcecode.swift; path = OneIngrModel.swift; sourceTree = "<group>"; };
		03E6208826876FB800DE0E34 /* TotalVC.swift */ = {isa = PBXFileReference; lastKnownFileType = sourcecode.swift; path = TotalVC.swift; sourceTree = "<group>"; };
		03E6208926876FB800DE0E34 /* TotalVC.xib */ = {isa = PBXFileReference; lastKnownFileType = file.xib; path = TotalVC.xib; sourceTree = "<group>"; };
		03E6208F26876FC900DE0E34 /* totalModel.swift */ = {isa = PBXFileReference; lastKnownFileType = sourcecode.swift; path = totalModel.swift; sourceTree = "<group>"; };
		03E6209526879EB900DE0E34 /* TotalHeader.xib */ = {isa = PBXFileReference; lastKnownFileType = file.xib; path = TotalHeader.xib; sourceTree = "<group>"; };
		08C7CF7EDB733F3079E370DC /* Pods-NutritionAnalysisTests.debug.xcconfig */ = {isa = PBXFileReference; includeInIndex = 1; lastKnownFileType = text.xcconfig; name = "Pods-NutritionAnalysisTests.debug.xcconfig"; path = "Target Support Files/Pods-NutritionAnalysisTests/Pods-NutritionAnalysisTests.debug.xcconfig"; sourceTree = "<group>"; };
		1A832CA11FB20148812CD3A6 /* Pods_NutritionAnalysis_NutritionAnalysisUITests.framework */ = {isa = PBXFileReference; explicitFileType = wrapper.framework; includeInIndex = 0; path = Pods_NutritionAnalysis_NutritionAnalysisUITests.framework; sourceTree = BUILT_PRODUCTS_DIR; };
		2013F86F3454BDC71EBE3EEB /* Pods-NutritionAnalysisTests.release.xcconfig */ = {isa = PBXFileReference; includeInIndex = 1; lastKnownFileType = text.xcconfig; name = "Pods-NutritionAnalysisTests.release.xcconfig"; path = "Target Support Files/Pods-NutritionAnalysisTests/Pods-NutritionAnalysisTests.release.xcconfig"; sourceTree = "<group>"; };
		31B9ED1F358C724AB6EC1F21 /* Pods-NutritionAnalysis-NutritionAnalysisUITests.debug.xcconfig */ = {isa = PBXFileReference; includeInIndex = 1; lastKnownFileType = text.xcconfig; name = "Pods-NutritionAnalysis-NutritionAnalysisUITests.debug.xcconfig"; path = "Target Support Files/Pods-NutritionAnalysis-NutritionAnalysisUITests/Pods-NutritionAnalysis-NutritionAnalysisUITests.debug.xcconfig"; sourceTree = "<group>"; };
		5C53CA40C688A60CC6AFD05A /* Pods-NutritionAnalysis.debug.xcconfig */ = {isa = PBXFileReference; includeInIndex = 1; lastKnownFileType = text.xcconfig; name = "Pods-NutritionAnalysis.debug.xcconfig"; path = "Target Support Files/Pods-NutritionAnalysis/Pods-NutritionAnalysis.debug.xcconfig"; sourceTree = "<group>"; };
		64421CF3F3D64B6906E6C414 /* Pods-NutritionAnalysis-NutritionAnalysisUITests.release.xcconfig */ = {isa = PBXFileReference; includeInIndex = 1; lastKnownFileType = text.xcconfig; name = "Pods-NutritionAnalysis-NutritionAnalysisUITests.release.xcconfig"; path = "Target Support Files/Pods-NutritionAnalysis-NutritionAnalysisUITests/Pods-NutritionAnalysis-NutritionAnalysisUITests.release.xcconfig"; sourceTree = "<group>"; };
		7C1EE5BCADE9292D014EE639 /* Pods_NutritionAnalysis.framework */ = {isa = PBXFileReference; explicitFileType = wrapper.framework; includeInIndex = 0; path = Pods_NutritionAnalysis.framework; sourceTree = BUILT_PRODUCTS_DIR; };
		99780BA38A54D96D3ED812A0 /* Pods_NutritionAnalysisTests.framework */ = {isa = PBXFileReference; explicitFileType = wrapper.framework; includeInIndex = 0; path = Pods_NutritionAnalysisTests.framework; sourceTree = BUILT_PRODUCTS_DIR; };
		CC3204D40C68668ECA52C857 /* Pods-NutritionAnalysis.release.xcconfig */ = {isa = PBXFileReference; includeInIndex = 1; lastKnownFileType = text.xcconfig; name = "Pods-NutritionAnalysis.release.xcconfig"; path = "Target Support Files/Pods-NutritionAnalysis/Pods-NutritionAnalysis.release.xcconfig"; sourceTree = "<group>"; };
/* End PBXFileReference section */

/* Begin PBXFrameworksBuildPhase section */
		031281B2268600C6002380EB /* Frameworks */ = {
			isa = PBXFrameworksBuildPhase;
			buildActionMask = 2147483647;
			files = (
				040A04F0D7241D31C7C635DE /* Pods_NutritionAnalysis.framework in Frameworks */,
			);
			runOnlyForDeploymentPostprocessing = 0;
		};
		031281C8268600C8002380EB /* Frameworks */ = {
			isa = PBXFrameworksBuildPhase;
			buildActionMask = 2147483647;
			files = (
				ED61B7195800B1B4E4A46E59 /* Pods_NutritionAnalysisTests.framework in Frameworks */,
			);
			runOnlyForDeploymentPostprocessing = 0;
		};
/* End PBXFrameworksBuildPhase section */

/* Begin PBXGroup section */
		031281AC268600C6002380EB = {
			isa = PBXGroup;
			children = (
				031281B7268600C6002380EB /* NutritionAnalysis */,
				031281CE268600C8002380EB /* NutritionAnalysisTests */,
				031281B6268600C6002380EB /* Products */,
				3DD2E52D0628CBF9877F45A0 /* Pods */,
				DCBEF97D3B72544FEBD09546 /* Frameworks */,
			);
			sourceTree = "<group>";
		};
		031281B6268600C6002380EB /* Products */ = {
			isa = PBXGroup;
			children = (
				031281B5268600C6002380EB /* NutritionAnalysis.app */,
				031281CB268600C8002380EB /* NutritionAnalysisTests.xctest */,
			);
			name = Products;
			sourceTree = "<group>";
		};
		031281B7268600C6002380EB /* NutritionAnalysis */ = {
			isa = PBXGroup;
			children = (
				03C3805B26864EB300B868E4 /* HomePage */,
				03AEACB2268694DB00AC690C /* IgnrDetaiels */,
				03E6208726876F9700DE0E34 /* TotalVC */,
				031281FB26861F00002380EB /* API Services */,
				033E9E8B2687E23200936C4F /* MainFiles */,
				031281C6268600C8002380EB /* Info.plist */,
			);
			path = NutritionAnalysis;
			sourceTree = "<group>";
		};
		031281CE268600C8002380EB /* NutritionAnalysisTests */ = {
			isa = PBXGroup;
			children = (
				031281CF268600C8002380EB /* NutritionAnalysisTests.swift */,
				031281D1268600C8002380EB /* Info.plist */,
			);
			path = NutritionAnalysisTests;
			sourceTree = "<group>";
		};
		031281FB26861F00002380EB /* API Services */ = {
			isa = PBXGroup;
			children = (
				03C3804226863A4F00B868E4 /* ApiService.swift */,
			);
			path = "API Services";
			sourceTree = "<group>";
		};
		033E9E8B2687E23200936C4F /* MainFiles */ = {
			isa = PBXGroup;
			children = (
				031281C3268600C8002380EB /* LaunchScreen.storyboard */,
				031281BA268600C6002380EB /* SceneDelegate.swift */,
				031281B8268600C6002380EB /* AppDelegate.swift */,
				031281C1268600C8002380EB /* Assets.xcassets */,
				03C37FD02686238800B868E4 /* EditView.swift */,
			);
			path = MainFiles;
			sourceTree = "<group>";
		};
		03AEACB2268694DB00AC690C /* IgnrDetaiels */ = {
			isa = PBXGroup;
			children = (
				03AEACB32686951500AC690C /* IgnrDetaielsVc.swift */,
				03AEACB42686951500AC690C /* IgnrDetaiels.xib */,
				03AEACBA2686A60700AC690C /* TableCell */,
			);
			path = IgnrDetaiels;
			sourceTree = "<group>";
		};
		03AEACBA2686A60700AC690C /* TableCell */ = {
			isa = PBXGroup;
			children = (
				03AEACBB2686A63300AC690C /* IgnrCell.swift */,
				03AEACBC2686A63300AC690C /* IgnrCell.xib */,
				03AEACC52686A75100AC690C /* IgnrHeader.swift */,
				03AEACCA2686A76200AC690C /* IgnrHeader.xib */,
			);
			path = TableCell;
			sourceTree = "<group>";
		};
		03C37FEB268637FD00B868E4 /* MainModel */ = {
			isa = PBXGroup;
			children = (
				03C38000268637FD00B868E4 /* MainModel.swift */,
				03C380672686694800B868E4 /* OneIngrModel.swift */,
			);
			path = MainModel;
			sourceTree = "<group>";
		};
		03C3805B26864EB300B868E4 /* HomePage */ = {
			isa = PBXGroup;
			children = (
				031281BE268600C6002380EB /* Main.storyboard */,
				031281BC268600C6002380EB /* MainView.swift */,
				03C3805F26864ED100B868E4 /* MainViewModel.swift */,
				03C37FEB268637FD00B868E4 /* MainModel */,
			);
			path = HomePage;
			sourceTree = "<group>";
		};
		03E6208726876F9700DE0E34 /* TotalVC */ = {
			isa = PBXGroup;
			children = (
				03E6209426879CFE00DE0E34 /* TableCellAndHeader */,
				03E6208826876FB800DE0E34 /* TotalVC.swift */,
				03E6208926876FB800DE0E34 /* TotalVC.xib */,
				03E6208F26876FC900DE0E34 /* totalModel.swift */,
			);
			path = TotalVC;
			sourceTree = "<group>";
		};
		03E6209426879CFE00DE0E34 /* TableCellAndHeader */ = {
			isa = PBXGroup;
			children = (
				03E6209526879EB900DE0E34 /* TotalHeader.xib */,
				033E9E7F2687C9D100936C4F /* TotalHeader.swift */,
				033E9E842687CA0800936C4F /* TotalCell.swift */,
				033E9E852687CA0800936C4F /* TotalCell.xib */,
			);
			path = TableCellAndHeader;
			sourceTree = "<group>";
		};
		3DD2E52D0628CBF9877F45A0 /* Pods */ = {
			isa = PBXGroup;
			children = (
				5C53CA40C688A60CC6AFD05A /* Pods-NutritionAnalysis.debug.xcconfig */,
				CC3204D40C68668ECA52C857 /* Pods-NutritionAnalysis.release.xcconfig */,
				31B9ED1F358C724AB6EC1F21 /* Pods-NutritionAnalysis-NutritionAnalysisUITests.debug.xcconfig */,
				64421CF3F3D64B6906E6C414 /* Pods-NutritionAnalysis-NutritionAnalysisUITests.release.xcconfig */,
				08C7CF7EDB733F3079E370DC /* Pods-NutritionAnalysisTests.debug.xcconfig */,
				2013F86F3454BDC71EBE3EEB /* Pods-NutritionAnalysisTests.release.xcconfig */,
			);
			path = Pods;
			sourceTree = "<group>";
		};
		DCBEF97D3B72544FEBD09546 /* Frameworks */ = {
			isa = PBXGroup;
			children = (
				7C1EE5BCADE9292D014EE639 /* Pods_NutritionAnalysis.framework */,
				1A832CA11FB20148812CD3A6 /* Pods_NutritionAnalysis_NutritionAnalysisUITests.framework */,
				99780BA38A54D96D3ED812A0 /* Pods_NutritionAnalysisTests.framework */,
			);
			name = Frameworks;
			sourceTree = "<group>";
		};
/* End PBXGroup section */

/* Begin PBXNativeTarget section */
		031281B4268600C6002380EB /* NutritionAnalysis */ = {
			isa = PBXNativeTarget;
			buildConfigurationList = 031281DF268600C8002380EB /* Build configuration list for PBXNativeTarget "NutritionAnalysis" */;
			buildPhases = (
				14F574F026D73D8EAB26486E /* [CP] Check Pods Manifest.lock */,
				031281B1268600C6002380EB /* Sources */,
				031281B2268600C6002380EB /* Frameworks */,
				031281B3268600C6002380EB /* Resources */,
				C9B66546FE44A4D7D23208D1 /* [CP] Embed Pods Frameworks */,
			);
			buildRules = (
			);
			dependencies = (
			);
			name = NutritionAnalysis;
			productName = NutritionAnalysis;
			productReference = 031281B5268600C6002380EB /* NutritionAnalysis.app */;
			productType = "com.apple.product-type.application";
		};
		031281CA268600C8002380EB /* NutritionAnalysisTests */ = {
			isa = PBXNativeTarget;
			buildConfigurationList = 031281E2268600C8002380EB /* Build configuration list for PBXNativeTarget "NutritionAnalysisTests" */;
			buildPhases = (
				DD1991B7CFC469F214A6D902 /* [CP] Check Pods Manifest.lock */,
				031281C7268600C8002380EB /* Sources */,
				031281C8268600C8002380EB /* Frameworks */,
				031281C9268600C8002380EB /* Resources */,
			);
			buildRules = (
			);
			dependencies = (
				031281CD268600C8002380EB /* PBXTargetDependency */,
			);
			name = NutritionAnalysisTests;
			productName = NutritionAnalysisTests;
			productReference = 031281CB268600C8002380EB /* NutritionAnalysisTests.xctest */;
			productType = "com.apple.product-type.bundle.unit-test";
		};
/* End PBXNativeTarget section */

/* Begin PBXProject section */
		031281AD268600C6002380EB /* Project object */ = {
			isa = PBXProject;
			attributes = {
				LastSwiftUpdateCheck = 1200;
				LastUpgradeCheck = 1200;
				TargetAttributes = {
					031281B4268600C6002380EB = {
						CreatedOnToolsVersion = 12.0.1;
					};
					031281CA268600C8002380EB = {
						CreatedOnToolsVersion = 12.0.1;
						TestTargetID = 031281B4268600C6002380EB;
					};
				};
			};
			buildConfigurationList = 031281B0268600C6002380EB /* Build configuration list for PBXProject "NutritionAnalysis" */;
			compatibilityVersion = "Xcode 9.3";
			developmentRegion = en;
			hasScannedForEncodings = 0;
			knownRegions = (
				en,
				Base,
			);
			mainGroup = 031281AC268600C6002380EB;
			productRefGroup = 031281B6268600C6002380EB /* Products */;
			projectDirPath = "";
			projectRoot = "";
			targets = (
				031281B4268600C6002380EB /* NutritionAnalysis */,
				031281CA268600C8002380EB /* NutritionAnalysisTests */,
			);
		};
/* End PBXProject section */

/* Begin PBXResourcesBuildPhase section */
		031281B3268600C6002380EB /* Resources */ = {
			isa = PBXResourcesBuildPhase;
			buildActionMask = 2147483647;
			files = (
				03AEACB62686951500AC690C /* IgnrDetaiels.xib in Resources */,
				033E9E872687CA0800936C4F /* TotalCell.xib in Resources */,
				031281C5268600C8002380EB /* LaunchScreen.storyboard in Resources */,
				03E6208B26876FB800DE0E34 /* TotalVC.xib in Resources */,
				031281C2268600C8002380EB /* Assets.xcassets in Resources */,
				03AEACBE2686A63300AC690C /* IgnrCell.xib in Resources */,
				03E6209626879EB900DE0E34 /* TotalHeader.xib in Resources */,
				03AEACCB2686A76200AC690C /* IgnrHeader.xib in Resources */,
				031281C0268600C6002380EB /* Main.storyboard in Resources */,
			);
			runOnlyForDeploymentPostprocessing = 0;
		};
		031281C9268600C8002380EB /* Resources */ = {
			isa = PBXResourcesBuildPhase;
			buildActionMask = 2147483647;
			files = (
			);
			runOnlyForDeploymentPostprocessing = 0;
		};
/* End PBXResourcesBuildPhase section */

/* Begin PBXShellScriptBuildPhase section */
		14F574F026D73D8EAB26486E /* [CP] Check Pods Manifest.lock */ = {
			isa = PBXShellScriptBuildPhase;
			buildActionMask = 2147483647;
			files = (
			);
			inputFileListPaths = (
			);
			inputPaths = (
				"${PODS_PODFILE_DIR_PATH}/Podfile.lock",
				"${PODS_ROOT}/Manifest.lock",
			);
			name = "[CP] Check Pods Manifest.lock";
			outputFileListPaths = (
			);
			outputPaths = (
				"$(DERIVED_FILE_DIR)/Pods-NutritionAnalysis-checkManifestLockResult.txt",
			);
			runOnlyForDeploymentPostprocessing = 0;
			shellPath = /bin/sh;
			shellScript = "diff \"${PODS_PODFILE_DIR_PATH}/Podfile.lock\" \"${PODS_ROOT}/Manifest.lock\" > /dev/null\nif [ $? != 0 ] ; then\n    # print error to STDERR\n    echo \"error: The sandbox is not in sync with the Podfile.lock. Run 'pod install' or update your CocoaPods installation.\" >&2\n    exit 1\nfi\n# This output is used by Xcode 'outputs' to avoid re-running this script phase.\necho \"SUCCESS\" > \"${SCRIPT_OUTPUT_FILE_0}\"\n";
			showEnvVarsInLog = 0;
		};
		C9B66546FE44A4D7D23208D1 /* [CP] Embed Pods Frameworks */ = {
			isa = PBXShellScriptBuildPhase;
			buildActionMask = 2147483647;
			files = (
			);
			inputFileListPaths = (
				"${PODS_ROOT}/Target Support Files/Pods-NutritionAnalysis/Pods-NutritionAnalysis-frameworks-${CONFIGURATION}-input-files.xcfilelist",
			);
			name = "[CP] Embed Pods Frameworks";
			outputFileListPaths = (
				"${PODS_ROOT}/Target Support Files/Pods-NutritionAnalysis/Pods-NutritionAnalysis-frameworks-${CONFIGURATION}-output-files.xcfilelist",
			);
			runOnlyForDeploymentPostprocessing = 0;
			shellPath = /bin/sh;
			shellScript = "\"${PODS_ROOT}/Target Support Files/Pods-NutritionAnalysis/Pods-NutritionAnalysis-frameworks.sh\"\n";
			showEnvVarsInLog = 0;
		};
		DD1991B7CFC469F214A6D902 /* [CP] Check Pods Manifest.lock */ = {
			isa = PBXShellScriptBuildPhase;
			buildActionMask = 2147483647;
			files = (
			);
			inputFileListPaths = (
			);
			inputPaths = (
				"${PODS_PODFILE_DIR_PATH}/Podfile.lock",
				"${PODS_ROOT}/Manifest.lock",
			);
			name = "[CP] Check Pods Manifest.lock";
			outputFileListPaths = (
			);
			outputPaths = (
				"$(DERIVED_FILE_DIR)/Pods-NutritionAnalysisTests-checkManifestLockResult.txt",
			);
			runOnlyForDeploymentPostprocessing = 0;
			shellPath = /bin/sh;
			shellScript = "diff \"${PODS_PODFILE_DIR_PATH}/Podfile.lock\" \"${PODS_ROOT}/Manifest.lock\" > /dev/null\nif [ $? != 0 ] ; then\n    # print error to STDERR\n    echo \"error: The sandbox is not in sync with the Podfile.lock. Run 'pod install' or update your CocoaPods installation.\" >&2\n    exit 1\nfi\n# This output is used by Xcode 'outputs' to avoid re-running this script phase.\necho \"SUCCESS\" > \"${SCRIPT_OUTPUT_FILE_0}\"\n";
			showEnvVarsInLog = 0;
		};
/* End PBXShellScriptBuildPhase section */

/* Begin PBXSourcesBuildPhase section */
		031281B1268600C6002380EB /* Sources */ = {
			isa = PBXSourcesBuildPhase;
			buildActionMask = 2147483647;
			files = (
				03E6208A26876FB800DE0E34 /* TotalVC.swift in Sources */,
				03C38026268637FD00B868E4 /* MainModel.swift in Sources */,
				03C37FD12686238800B868E4 /* EditView.swift in Sources */,
				031281BD268600C6002380EB /* MainView.swift in Sources */,
				033E9E802687C9D100936C4F /* TotalHeader.swift in Sources */,
				03E6209026876FC900DE0E34 /* totalModel.swift in Sources */,
				03AEACBD2686A63300AC690C /* IgnrCell.swift in Sources */,
				031281B9268600C6002380EB /* AppDelegate.swift in Sources */,
				031281BB268600C6002380EB /* SceneDelegate.swift in Sources */,
				03C380682686694800B868E4 /* OneIngrModel.swift in Sources */,
				03C3804326863A4F00B868E4 /* ApiService.swift in Sources */,
				03AEACC62686A75100AC690C /* IgnrHeader.swift in Sources */,
				03AEACB52686951500AC690C /* IgnrDetaielsVc.swift in Sources */,
				033E9E862687CA0800936C4F /* TotalCell.swift in Sources */,
				03C3806026864ED100B868E4 /* MainViewModel.swift in Sources */,
			);
			runOnlyForDeploymentPostprocessing = 0;
		};
		031281C7268600C8002380EB /* Sources */ = {
			isa = PBXSourcesBuildPhase;
			buildActionMask = 2147483647;
			files = (
				031281D0268600C8002380EB /* NutritionAnalysisTests.swift in Sources */,
			);
			runOnlyForDeploymentPostprocessing = 0;
		};
/* End PBXSourcesBuildPhase section */

/* Begin PBXTargetDependency section */
		031281CD268600C8002380EB /* PBXTargetDependency */ = {
			isa = PBXTargetDependency;
			target = 031281B4268600C6002380EB /* NutritionAnalysis */;
			targetProxy = 031281CC268600C8002380EB /* PBXContainerItemProxy */;
		};
/* End PBXTargetDependency section */

/* Begin PBXVariantGroup section */
		031281BE268600C6002380EB /* Main.storyboard */ = {
			isa = PBXVariantGroup;
			children = (
				031281BF268600C6002380EB /* Base */,
			);
			name = Main.storyboard;
			sourceTree = "<group>";
		};
		031281C3268600C8002380EB /* LaunchScreen.storyboard */ = {
			isa = PBXVariantGroup;
			children = (
				031281C4268600C8002380EB /* Base */,
			);
			name = LaunchScreen.storyboard;
			sourceTree = "<group>";
		};
/* End PBXVariantGroup section */

/* Begin XCBuildConfiguration section */
		031281DD268600C8002380EB /* Debug */ = {
			isa = XCBuildConfiguration;
			buildSettings = {
				ALWAYS_SEARCH_USER_PATHS = NO;
				CLANG_ANALYZER_NONNULL = YES;
				CLANG_ANALYZER_NUMBER_OBJECT_CONVERSION = YES_AGGRESSIVE;
				CLANG_CXX_LANGUAGE_STANDARD = "gnu++14";
				CLANG_CXX_LIBRARY = "libc++";
				CLANG_ENABLE_MODULES = YES;
				CLANG_ENABLE_OBJC_ARC = YES;
				CLANG_ENABLE_OBJC_WEAK = YES;
				CLANG_WARN_BLOCK_CAPTURE_AUTORELEASING = YES;
				CLANG_WARN_BOOL_CONVERSION = YES;
				CLANG_WARN_COMMA = YES;
				CLANG_WARN_CONSTANT_CONVERSION = YES;
				CLANG_WARN_DEPRECATED_OBJC_IMPLEMENTATIONS = YES;
				CLANG_WARN_DIRECT_OBJC_ISA_USAGE = YES_ERROR;
				CLANG_WARN_DOCUMENTATION_COMMENTS = YES;
				CLANG_WARN_EMPTY_BODY = YES;
				CLANG_WARN_ENUM_CONVERSION = YES;
				CLANG_WARN_INFINITE_RECURSION = YES;
				CLANG_WARN_INT_CONVERSION = YES;
				CLANG_WARN_NON_LITERAL_NULL_CONVERSION = YES;
				CLANG_WARN_OBJC_IMPLICIT_RETAIN_SELF = YES;
				CLANG_WARN_OBJC_LITERAL_CONVERSION = YES;
				CLANG_WARN_OBJC_ROOT_CLASS = YES_ERROR;
				CLANG_WARN_QUOTED_INCLUDE_IN_FRAMEWORK_HEADER = YES;
				CLANG_WARN_RANGE_LOOP_ANALYSIS = YES;
				CLANG_WARN_STRICT_PROTOTYPES = YES;
				CLANG_WARN_SUSPICIOUS_MOVE = YES;
				CLANG_WARN_UNGUARDED_AVAILABILITY = YES_AGGRESSIVE;
				CLANG_WARN_UNREACHABLE_CODE = YES;
				CLANG_WARN__DUPLICATE_METHOD_MATCH = YES;
				COPY_PHASE_STRIP = NO;
				DEBUG_INFORMATION_FORMAT = dwarf;
				ENABLE_STRICT_OBJC_MSGSEND = YES;
				ENABLE_TESTABILITY = YES;
				GCC_C_LANGUAGE_STANDARD = gnu11;
				GCC_DYNAMIC_NO_PIC = NO;
				GCC_NO_COMMON_BLOCKS = YES;
				GCC_OPTIMIZATION_LEVEL = 0;
				GCC_PREPROCESSOR_DEFINITIONS = (
					"DEBUG=1",
					"$(inherited)",
				);
				GCC_WARN_64_TO_32_BIT_CONVERSION = YES;
				GCC_WARN_ABOUT_RETURN_TYPE = YES_ERROR;
				GCC_WARN_UNDECLARED_SELECTOR = YES;
				GCC_WARN_UNINITIALIZED_AUTOS = YES_AGGRESSIVE;
				GCC_WARN_UNUSED_FUNCTION = YES;
				GCC_WARN_UNUSED_VARIABLE = YES;
				IPHONEOS_DEPLOYMENT_TARGET = 14.0;
				MTL_ENABLE_DEBUG_INFO = INCLUDE_SOURCE;
				MTL_FAST_MATH = YES;
				ONLY_ACTIVE_ARCH = YES;
				SDKROOT = iphoneos;
				SWIFT_ACTIVE_COMPILATION_CONDITIONS = DEBUG;
				SWIFT_OPTIMIZATION_LEVEL = "-Onone";
			};
			name = Debug;
		};
		031281DE268600C8002380EB /* Release */ = {
			isa = XCBuildConfiguration;
			buildSettings = {
				ALWAYS_SEARCH_USER_PATHS = NO;
				CLANG_ANALYZER_NONNULL = YES;
				CLANG_ANALYZER_NUMBER_OBJECT_CONVERSION = YES_AGGRESSIVE;
				CLANG_CXX_LANGUAGE_STANDARD = "gnu++14";
				CLANG_CXX_LIBRARY = "libc++";
				CLANG_ENABLE_MODULES = YES;
				CLANG_ENABLE_OBJC_ARC = YES;
				CLANG_ENABLE_OBJC_WEAK = YES;
				CLANG_WARN_BLOCK_CAPTURE_AUTORELEASING = YES;
				CLANG_WARN_BOOL_CONVERSION = YES;
				CLANG_WARN_COMMA = YES;
				CLANG_WARN_CONSTANT_CONVERSION = YES;
				CLANG_WARN_DEPRECATED_OBJC_IMPLEMENTATIONS = YES;
				CLANG_WARN_DIRECT_OBJC_ISA_USAGE = YES_ERROR;
				CLANG_WARN_DOCUMENTATION_COMMENTS = YES;
				CLANG_WARN_EMPTY_BODY = YES;
				CLANG_WARN_ENUM_CONVERSION = YES;
				CLANG_WARN_INFINITE_RECURSION = YES;
				CLANG_WARN_INT_CONVERSION = YES;
				CLANG_WARN_NON_LITERAL_NULL_CONVERSION = YES;
				CLANG_WARN_OBJC_IMPLICIT_RETAIN_SELF = YES;
				CLANG_WARN_OBJC_LITERAL_CONVERSION = YES;
				CLANG_WARN_OBJC_ROOT_CLASS = YES_ERROR;
				CLANG_WARN_QUOTED_INCLUDE_IN_FRAMEWORK_HEADER = YES;
				CLANG_WARN_RANGE_LOOP_ANALYSIS = YES;
				CLANG_WARN_STRICT_PROTOTYPES = YES;
				CLANG_WARN_SUSPICIOUS_MOVE = YES;
				CLANG_WARN_UNGUARDED_AVAILABILITY = YES_AGGRESSIVE;
				CLANG_WARN_UNREACHABLE_CODE = YES;
				CLANG_WARN__DUPLICATE_METHOD_MATCH = YES;
				COPY_PHASE_STRIP = NO;
				DEBUG_INFORMATION_FORMAT = "dwarf-with-dsym";
				ENABLE_NS_ASSERTIONS = NO;
				ENABLE_STRICT_OBJC_MSGSEND = YES;
				GCC_C_LANGUAGE_STANDARD = gnu11;
				GCC_NO_COMMON_BLOCKS = YES;
				GCC_WARN_64_TO_32_BIT_CONVERSION = YES;
				GCC_WARN_ABOUT_RETURN_TYPE = YES_ERROR;
				GCC_WARN_UNDECLARED_SELECTOR = YES;
				GCC_WARN_UNINITIALIZED_AUTOS = YES_AGGRESSIVE;
				GCC_WARN_UNUSED_FUNCTION = YES;
				GCC_WARN_UNUSED_VARIABLE = YES;
				IPHONEOS_DEPLOYMENT_TARGET = 14.0;
				MTL_ENABLE_DEBUG_INFO = NO;
				MTL_FAST_MATH = YES;
				SDKROOT = iphoneos;
				SWIFT_COMPILATION_MODE = wholemodule;
				SWIFT_OPTIMIZATION_LEVEL = "-O";
				VALIDATE_PRODUCT = YES;
			};
			name = Release;
		};
		031281E0268600C8002380EB /* Debug */ = {
			isa = XCBuildConfiguration;
			baseConfigurationReference = 5C53CA40C688A60CC6AFD05A /* Pods-NutritionAnalysis.debug.xcconfig */;
			buildSettings = {
				ASSETCATALOG_COMPILER_APPICON_NAME = AppIcon;
				ASSETCATALOG_COMPILER_GLOBAL_ACCENT_COLOR_NAME = AccentColor;
				CODE_SIGN_STYLE = Automatic;
				DEVELOPMENT_TEAM = J8W3Q7RJVV;
				INFOPLIST_FILE = NutritionAnalysis/Info.plist;
				LD_RUNPATH_SEARCH_PATHS = (
					"$(inherited)",
					"@executable_path/Frameworks",
				);
				PRODUCT_BUNDLE_IDENTIFIER = com.maher.NutritionAnalysis;
				PRODUCT_NAME = "$(TARGET_NAME)";
				SWIFT_VERSION = 5.0;
				TARGETED_DEVICE_FAMILY = "1,2";
			};
			name = Debug;
		};
		031281E1268600C8002380EB /* Release */ = {
			isa = XCBuildConfiguration;
			baseConfigurationReference = CC3204D40C68668ECA52C857 /* Pods-NutritionAnalysis.release.xcconfig */;
			buildSettings = {
				ASSETCATALOG_COMPILER_APPICON_NAME = AppIcon;
				ASSETCATALOG_COMPILER_GLOBAL_ACCENT_COLOR_NAME = AccentColor;
				CODE_SIGN_STYLE = Automatic;
				DEVELOPMENT_TEAM = J8W3Q7RJVV;
				INFOPLIST_FILE = NutritionAnalysis/Info.plist;
				LD_RUNPATH_SEARCH_PATHS = (
					"$(inherited)",
					"@executable_path/Frameworks",
				);
				PRODUCT_BUNDLE_IDENTIFIER = com.maher.NutritionAnalysis;
				PRODUCT_NAME = "$(TARGET_NAME)";
				SWIFT_VERSION = 5.0;
				TARGETED_DEVICE_FAMILY = "1,2";
			};
			name = Release;
		};
		031281E3268600C8002380EB /* Debug */ = {
			isa = XCBuildConfiguration;
			baseConfigurationReference = 08C7CF7EDB733F3079E370DC /* Pods-NutritionAnalysisTests.debug.xcconfig */;
			buildSettings = {
				ALWAYS_EMBED_SWIFT_STANDARD_LIBRARIES = YES;
				BUNDLE_LOADER = "$(TEST_HOST)";
				CODE_SIGN_STYLE = Automatic;
				DEVELOPMENT_TEAM = J8W3Q7RJVV;
				INFOPLIST_FILE = NutritionAnalysisTests/Info.plist;
				IPHONEOS_DEPLOYMENT_TARGET = 14.0;
				LD_RUNPATH_SEARCH_PATHS = (
					"$(inherited)",
					"@executable_path/Frameworks",
					"@loader_path/Frameworks",
				);
				PRODUCT_BUNDLE_IDENTIFIER = com.maher.NutritionAnalysisTests;
				PRODUCT_NAME = "$(TARGET_NAME)";
				SWIFT_VERSION = 5.0;
				TARGETED_DEVICE_FAMILY = "1,2";
				TEST_HOST = "$(BUILT_PRODUCTS_DIR)/NutritionAnalysis.app/NutritionAnalysis";
			};
			name = Debug;
		};
		031281E4268600C8002380EB /* Release */ = {
			isa = XCBuildConfiguration;
			baseConfigurationReference = 2013F86F3454BDC71EBE3EEB /* Pods-NutritionAnalysisTests.release.xcconfig */;
			buildSettings = {
				ALWAYS_EMBED_SWIFT_STANDARD_LIBRARIES = YES;
				BUNDLE_LOADER = "$(TEST_HOST)";
				CODE_SIGN_STYLE = Automatic;
				DEVELOPMENT_TEAM = J8W3Q7RJVV;
				INFOPLIST_FILE = NutritionAnalysisTests/Info.plist;
				IPHONEOS_DEPLOYMENT_TARGET = 14.0;
				LD_RUNPATH_SEARCH_PATHS = (
					"$(inherited)",
					"@executable_path/Frameworks",
					"@loader_path/Frameworks",
				);
				PRODUCT_BUNDLE_IDENTIFIER = com.maher.NutritionAnalysisTests;
				PRODUCT_NAME = "$(TARGET_NAME)";
				SWIFT_VERSION = 5.0;
				TARGETED_DEVICE_FAMILY = "1,2";
				TEST_HOST = "$(BUILT_PRODUCTS_DIR)/NutritionAnalysis.app/NutritionAnalysis";
			};
			name = Release;
		};
/* End XCBuildConfiguration section */

/* Begin XCConfigurationList section */
		031281B0268600C6002380EB /* Build configuration list for PBXProject "NutritionAnalysis" */ = {
			isa = XCConfigurationList;
			buildConfigurations = (
				031281DD268600C8002380EB /* Debug */,
				031281DE268600C8002380EB /* Release */,
			);
			defaultConfigurationIsVisible = 0;
			defaultConfigurationName = Release;
		};
		031281DF268600C8002380EB /* Build configuration list for PBXNativeTarget "NutritionAnalysis" */ = {
			isa = XCConfigurationList;
			buildConfigurations = (
				031281E0268600C8002380EB /* Debug */,
				031281E1268600C8002380EB /* Release */,
			);
			defaultConfigurationIsVisible = 0;
			defaultConfigurationName = Release;
		};
		031281E2268600C8002380EB /* Build configuration list for PBXNativeTarget "NutritionAnalysisTests" */ = {
			isa = XCConfigurationList;
			buildConfigurations = (
				031281E3268600C8002380EB /* Debug */,
				031281E4268600C8002380EB /* Release */,
			);
			defaultConfigurationIsVisible = 0;
			defaultConfigurationName = Release;
		};
/* End XCConfigurationList section */
	};
	rootObject = 031281AD268600C6002380EB /* Project object */;
}
